
Microsoft Visual Studio Solution File, Format Version 12.00
# Visual Studio Version 16
VisualStudioVersion = 16.0.31702.278
MinimumVisualStudioVersion = 10.0.40219.1
Project("{FAE04EC0-301F-11D3-BF4B-00C04F79EFBC}") = "lekcija7", "lekcija7\lekcija7.csproj", "{F655A267-40C8-4831-AA16-22B2A8B25CBC}"
EndProject
Global
	GlobalSection(SolutionConfigurationPlatforms) = preSolution
		Debug|Any CPU = Debug|Any CPU
		Release|Any CPU = Release|Any CPU
	EndGlobalSection
	GlobalSection(ProjectConfigurationPlatforms) = postSolution
		{F655A267-40C8-4831-AA16-22B2A8B25CBC}.Debug|Any CPU.ActiveCfg = Debug|Any CPU
		{F655A267-40C8-4831-AA16-22B2A8B25CBC}.Debug|Any CPU.Build.0 = Debug|Any CPU
		{F655A267-40C8-4831-AA16-22B2A8B25CBC}.Release|Any CPU.ActiveCfg = Release|Any CPU
		{F655A267-40C8-4831-AA16-22B2A8B25CBC}.Release|Any CPU.Build.0 = Release|Any CPU
	EndGlobalSection
	GlobalSection(SolutionProperties) = preSolution
		HideSolutionNode = FALSE
	EndGlobalSection
	GlobalSection(ExtensibilityGlobals) = postSolution
		SolutionGuid = {EFFF4102-53AD-480E-8FC0-5229252E4998}
	EndGlobalSection
EndGlobal
